<?xml version="1.0" encoding="UTF-8" standalone="yes" ?>
<CodeBlocks_project_file>
	<FileVersion major="1" minor="6" />
	<Project>
		<Option title="Sistema de Gestión" />
		<Option pch_mode="2" />
		<Option compiler="gcc" />
		<Build>
			<Target title="Debug">
				<Option output="bin/Debug/Sistema de Gestión" prefix_auto="1" extension_auto="1" />
				<Option object_output="obj/Debug/" />
				<Option type="1" />
				<Option compiler="gcc" />
				<Compiler>
					<Add option="-g" />
					<Add directory="include" />
				</Compiler>
			</Target>
			<Target title="Release">
				<Option output="bin/Release/Sistema de Gestión" prefix_auto="1" extension_auto="1" />
				<Option object_output="obj/Release/" />
				<Option type="1" />
				<Option compiler="gcc" />
				<Compiler>
					<Add option="-O2" />
					<Add directory="include" />
				</Compiler>
				<Linker>
					<Add option="-s" />
				</Linker>
			</Target>
		</Build>
		<Compiler>
			<Add option="-Wall" />
			<Add option="-fexceptions" />
		</Compiler>
		<Unit filename="ajustesArticulos.cpp" />
		<Unit filename="ajustesProveedores.cpp" />
		<Unit filename="ajustesVendedores.cpp" />
		<Unit filename="funciones.h" />
		<Unit filename="include/Articulo.h" />
		<Unit filename="include/Fecha.h" />
		<Unit filename="include/Persona.h" />
		<Unit filename="include/Proveedor.h" />
		<Unit filename="include/Usuario.h" />
		<Unit filename="include/Venta.h" />
		<Unit filename="main.cpp" />
		<Unit filename="modo_ajustes.cpp" />
		<Unit filename="modo_ajustes.h" />
		<Unit filename="rlutil.h" />
		<Unit filename="src/Articulo.cpp" />
		<Unit filename="src/Fecha.cpp" />
		<Unit filename="src/Persona.cpp" />
		<Unit filename="src/Proveedor.cpp" />
		<Unit filename="src/Usuario.cpp" />
		<Unit filename="src/Venta.cpp" />
		<Extensions>
			<lib_finder disable_auto="1" />
		</Extensions>
	</Project>
</CodeBlocks_project_file>
